
Microsoft Visual Studio Solution File, Format Version 12.00
# Visual Studio Version 17
VisualStudioVersion = 17.7.34031.279
MinimumVisualStudioVersion = 10.0.40219.1
Project("{FAE04EC0-301F-11D3-BF4B-00C04F79EFBC}") = "TimesTableTester", "TimesTableTester\TimesTableTester.csproj", "{FAE2DC27-394B-4B5B-BE73-27049C4D067D}"
EndProject
Global
	GlobalSection(SolutionConfigurationPlatforms) = preSolution
		Debug|Any CPU = Debug|Any CPU
		Release|Any CPU = Release|Any CPU
	EndGlobalSection
	GlobalSection(ProjectConfigurationPlatforms) = postSolution
		{FAE2DC27-394B-4B5B-BE73-27049C4D067D}.Debug|Any CPU.ActiveCfg = Debug|Any CPU
		{FAE2DC27-394B-4B5B-BE73-27049C4D067D}.Debug|Any CPU.Build.0 = Debug|Any CPU
		{FAE2DC27-394B-4B5B-BE73-27049C4D067D}.Release|Any CPU.ActiveCfg = Release|Any CPU
		{FAE2DC27-394B-4B5B-BE73-27049C4D067D}.Release|Any CPU.Build.0 = Release|Any CPU
	EndGlobalSection
	GlobalSection(SolutionProperties) = preSolution
		HideSolutionNode = FALSE
	EndGlobalSection
	GlobalSection(ExtensibilityGlobals) = postSolution
		SolutionGuid = {8BDFB890-2C30-4F05-BE91-F8907B8743F3}
	EndGlobalSection
EndGlobal
